// !$*UTF8*$!
{
	archiveVersion = 1;
	classes = {
	};
	objectVersion = 46;
	objects = {

/* Begin PBXBuildFile section */
		0243496B1CE6656700200CD1 /* AppDelegate.swift in Sources */ = {isa = PBXBuildFile; fileRef = 0243496A1CE6656700200CD1 /* AppDelegate.swift */; };
		024349721CE6656700200CD1 /* Assets.xcassets in Resources */ = {isa = PBXBuildFile; fileRef = 024349711CE6656700200CD1 /* Assets.xcassets */; };
		024349751CE6656700200CD1 /* LaunchScreen.storyboard in Resources */ = {isa = PBXBuildFile; fileRef = 024349731CE6656700200CD1 /* LaunchScreen.storyboard */; };
		024349841CE673A600200CD1 /* SwiftyJSON.swift in Sources */ = {isa = PBXBuildFile; fileRef = 024349831CE673A600200CD1 /* SwiftyJSON.swift */; };
		02472F0B1CE7A06D0080337F /* RootViewController.swift in Sources */ = {isa = PBXBuildFile; fileRef = 02472F0A1CE7A06D0080337F /* RootViewController.swift */; };
		02472F441CE7AFA70080337F /* Main.storyboard in Resources */ = {isa = PBXBuildFile; fileRef = 02472F431CE7AFA70080337F /* Main.storyboard */; };
		02472F4E1CE7C0E30080337F /* CoreLocation.framework in Frameworks */ = {isa = PBXBuildFile; fileRef = 02472F4D1CE7C0E30080337F /* CoreLocation.framework */; };
		02813BC81CE8FC1300740B28 /* WeatherModel.swift in Sources */ = {isa = PBXBuildFile; fileRef = 02813BC71CE8FC1300740B28 /* WeatherModel.swift */; };
		02813BCA1CE8FCA000740B28 /* Weather.swift in Sources */ = {isa = PBXBuildFile; fileRef = 02813BC91CE8FCA000740B28 /* Weather.swift */; };
/* End PBXBuildFile section */

/* Begin PBXFileReference section */
		024349671CE6656600200CD1 /* Project.app */ = {isa = PBXFileReference; explicitFileType = wrapper.application; includeInIndex = 0; path = Project.app; sourceTree = BUILT_PRODUCTS_DIR; };
		0243496A1CE6656700200CD1 /* AppDelegate.swift */ = {isa = PBXFileReference; lastKnownFileType = sourcecode.swift; path = AppDelegate.swift; sourceTree = "<group>"; };
		024349711CE6656700200CD1 /* Assets.xcassets */ = {isa = PBXFileReference; lastKnownFileType = folder.assetcatalog; path = Assets.xcassets; sourceTree = "<group>"; };
		024349741CE6656700200CD1 /* Base */ = {isa = PBXFileReference; lastKnownFileType = file.storyboard; name = Base; path = Base.lproj/LaunchScreen.storyboard; sourceTree = "<group>"; };
		024349761CE6656700200CD1 /* Info.plist */ = {isa = PBXFileReference; lastKnownFileType = text.plist.xml; path = Info.plist; sourceTree = "<group>"; };
		024349831CE673A600200CD1 /* SwiftyJSON.swift */ = {isa = PBXFileReference; fileEncoding = 4; lastKnownFileType = sourcecode.swift; path = SwiftyJSON.swift; sourceTree = "<group>"; };
		02472F0A1CE7A06D0080337F /* RootViewController.swift */ = {isa = PBXFileReference; fileEncoding = 4; lastKnownFileType = sourcecode.swift; path = RootViewController.swift; sourceTree = "<group>"; };
		02472F431CE7AFA70080337F /* Main.storyboard */ = {isa = PBXFileReference; fileEncoding = 4; lastKnownFileType = file.storyboard; name = Main.storyboard; path = ../Main.storyboard; sourceTree = "<group>"; };
		02472F4D1CE7C0E30080337F /* CoreLocation.framework */ = {isa = PBXFileReference; lastKnownFileType = wrapper.framework; name = CoreLocation.framework; path = System/Library/Frameworks/CoreLocation.framework; sourceTree = SDKROOT; };
		02813BC71CE8FC1300740B28 /* WeatherModel.swift */ = {isa = PBXFileReference; fileEncoding = 4; lastKnownFileType = sourcecode.swift; path = WeatherModel.swift; sourceTree = "<group>"; };
		02813BC91CE8FCA000740B28 /* Weather.swift */ = {isa = PBXFileReference; fileEncoding = 4; lastKnownFileType = sourcecode.swift; path = Weather.swift; sourceTree = "<group>"; };
/* End PBXFileReference section */

/* Begin PBXFrameworksBuildPhase section */
		024349641CE6656600200CD1 /* Frameworks */ = {
			isa = PBXFrameworksBuildPhase;
			buildActionMask = 2147483647;
			files = (
				02472F4E1CE7C0E30080337F /* CoreLocation.framework in Frameworks */,
			);
			runOnlyForDeploymentPostprocessing = 0;
		};
/* End PBXFrameworksBuildPhase section */

/* Begin PBXGroup section */
		0243495E1CE6656600200CD1 = {
			isa = PBXGroup;
			children = (
				024349691CE6656700200CD1 /* Project */,
				024349681CE6656600200CD1 /* Products */,
				02472F4D1CE7C0E30080337F /* CoreLocation.framework */,
			);
			sourceTree = "<group>";
		};
		024349681CE6656600200CD1 /* Products */ = {
			isa = PBXGroup;
			children = (
				024349671CE6656600200CD1 /* Project.app */,
			);
			name = Products;
			sourceTree = "<group>";
		};
		024349691CE6656700200CD1 /* Project */ = {
			isa = PBXGroup;
			children = (
				024349831CE673A600200CD1 /* SwiftyJSON.swift */,
				0243496A1CE6656700200CD1 /* AppDelegate.swift */,
				02472F0A1CE7A06D0080337F /* RootViewController.swift */,
				02813BC71CE8FC1300740B28 /* WeatherModel.swift */,
				02813BC91CE8FCA000740B28 /* Weather.swift */,
				02472F431CE7AFA70080337F /* Main.storyboard */,
				024349711CE6656700200CD1 /* Assets.xcassets */,
				024349731CE6656700200CD1 /* LaunchScreen.storyboard */,
				024349761CE6656700200CD1 /* Info.plist */,
			);
			path = Project;
			sourceTree = "<group>";
		};
/* End PBXGroup section */

/* Begin PBXNativeTarget section */
		024349661CE6656600200CD1 /* Project */ = {
			isa = PBXNativeTarget;
			buildConfigurationList = 024349791CE6656700200CD1 /* Build configuration list for PBXNativeTarget "Project" */;
			buildPhases = (
				024349631CE6656600200CD1 /* Sources */,
				024349641CE6656600200CD1 /* Frameworks */,
				024349651CE6656600200CD1 /* Resources */,
			);
			buildRules = (
			);
			dependencies = (
			);
			name = Project;
			productName = Project;
			productReference = 024349671CE6656600200CD1 /* Project.app */;
			productType = "com.apple.product-type.application";
		};
/* End PBXNativeTarget section */

/* Begin PBXProject section */
		0243495F1CE6656600200CD1 /* Project object */ = {
			isa = PBXProject;
			attributes = {
				LastSwiftUpdateCheck = 0730;
				LastUpgradeCheck = 0730;
				ORGANIZATIONNAME = Moitreyee;
				TargetAttributes = {
					024349661CE6656600200CD1 = {
						CreatedOnToolsVersion = 7.3;
					};
				};
			};
			buildConfigurationList = 024349621CE6656600200CD1 /* Build configuration list for PBXProject "Project" */;
			compatibilityVersion = "Xcode 3.2";
			developmentRegion = English;
			hasScannedForEncodings = 0;
			knownRegions = (
				en,
				Base,
			);
			mainGroup = 0243495E1CE6656600200CD1;
			productRefGroup = 024349681CE6656600200CD1 /* Products */;
			projectDirPath = "";
			projectRoot = "";
			targets = (
				024349661CE6656600200CD1 /* Project */,
			);
		};
/* End PBXProject section */

/* Begin PBXResourcesBuildPhase section */
		024349651CE6656600200CD1 /* Resources */ = {
			isa = PBXResourcesBuildPhase;
			buildActionMask = 2147483647;
			files = (
				02472F441CE7AFA70080337F /* Main.storyboard in Resources */,
				024349751CE6656700200CD1 /* LaunchScreen.storyboard in Resources */,
				024349721CE6656700200CD1 /* Assets.xcassets in Resources */,
			);
			runOnlyForDeploymentPostprocessing = 0;
		};
/* End PBXResourcesBuildPhase section */

/* Begin PBXSourcesBuildPhase section */
		024349631CE6656600200CD1 /* Sources */ = {
			isa = PBXSourcesBuildPhase;
			buildActionMask = 2147483647;
			files = (
				02472F0B1CE7A06D0080337F /* RootViewController.swift in Sources */,
				0243496B1CE6656700200CD1 /* AppDelegate.swift in Sources */,
				02813BC81CE8FC1300740B28 /* WeatherModel.swift in Sources */,
				024349841CE673A600200CD1 /* SwiftyJSON.swift in Sources */,
				02813BCA1CE8FCA000740B28 /* Weather.swift in Sources */,
			);
			runOnlyForDeploymentPostprocessing = 0;
		};
/* End PBXSourcesBuildPhase section */

/* Begin PBXVariantGroup section */
		024349731CE6656700200CD1 /* LaunchScreen.storyboard */ = {
			isa = PBXVariantGroup;
			children = (
				024349741CE6656700200CD1 /* Base */,
			);
			name = LaunchScreen.storyboard;
			sourceTree = "<group>";
		};
/* End PBXVariantGroup section */

/* Begin XCBuildConfiguration section */
		024349771CE6656700200CD1 /* Debug */ = {
			isa = XCBuildConfiguration;
			buildSettings = {
				ALWAYS_SEARCH_USER_PATHS = NO;
				CLANG_ANALYZER_NONNULL = YES;
				CLANG_CXX_LANGUAGE_STANDARD = "gnu++0x";
				CLANG_CXX_LIBRARY = "libc++";
				CLANG_ENABLE_MODULES = YES;
				CLANG_ENABLE_OBJC_ARC = YES;
				CLANG_WARN_BOOL_CONVERSION = YES;
				CLANG_WARN_CONSTANT_CONVERSION = YES;
				CLANG_WARN_DIRECT_OBJC_ISA_USAGE = YES_ERROR;
				CLANG_WARN_EMPTY_BODY = YES;
				CLANG_WARN_ENUM_CONVERSION = YES;
				CLANG_WARN_INT_CONVERSION = YES;
				CLANG_WARN_OBJC_ROOT_CLASS = YES_ERROR;
				CLANG_WARN_UNREACHABLE_CODE = YES;
				CLANG_WARN__DUPLICATE_METHOD_MATCH = YES;
				"CODE_SIGN_IDENTITY[sdk=iphoneos*]" = "iPhone Developer";
				COPY_PHASE_STRIP = NO;
				DEBUG_INFORMATION_FORMAT = dwarf;
				ENABLE_STRICT_OBJC_MSGSEND = YES;
				ENABLE_TESTABILITY = YES;
				GCC_C_LANGUAGE_STANDARD = gnu99;
				GCC_DYNAMIC_NO_PIC = NO;
				GCC_NO_COMMON_BLOCKS = YES;
				GCC_OPTIMIZATION_LEVEL = 0;
				GCC_PREPROCESSOR_DEFINITIONS = (
					"DEBUG=1",
					"$(inherited)",
				);
				GCC_WARN_64_TO_32_BIT_CONVERSION = YES;
				GCC_WARN_ABOUT_RETURN_TYPE = YES_ERROR;
				GCC_WARN_UNDECLARED_SELECTOR = YES;
				GCC_WARN_UNINITIALIZED_AUTOS = YES_AGGRESSIVE;
				GCC_WARN_UNUSED_FUNCTION = YES;
				GCC_WARN_UNUSED_VARIABLE = YES;
				IPHONEOS_DEPLOYMENT_TARGET = 9.3;
				MTL_ENABLE_DEBUG_INFO = YES;
				ONLY_ACTIVE_ARCH = YES;
				SDKROOT = iphoneos;
				SWIFT_OPTIMIZATION_LEVEL = "-Onone";
				TARGETED_DEVICE_FAMILY = "1,2";
			};
			name = Debug;
		};
		024349781CE6656700200CD1 /* Release */ = {
			isa = XCBuildConfiguration;
			buildSettings = {
				ALWAYS_SEARCH_USER_PATHS = NO;
				CLANG_ANALYZER_NONNULL = YES;
				CLANG_CXX_LANGUAGE_STANDARD = "gnu++0x";
				CLANG_CXX_LIBRARY = "libc++";
				CLANG_ENABLE_MODULES = YES;
				CLANG_ENABLE_OBJC_ARC = YES;
				CLANG_WARN_BOOL_CONVERSION = YES;
				CLANG_WARN_CONSTANT_CONVERSION = YES;
				CLANG_WARN_DIRECT_OBJC_ISA_USAGE = YES_ERROR;
				CLANG_WARN_EMPTY_BODY = YES;
				CLANG_WARN_ENUM_CONVERSION = YES;
				CLANG_WARN_INT_CONVERSION = YES;
				CLANG_WARN_OBJC_ROOT_CLASS = YES_ERROR;
				CLANG_WARN_UNREACHABLE_CODE = YES;
				CLANG_WARN__DUPLICATE_METHOD_MATCH = YES;
				"CODE_SIGN_IDENTITY[sdk=iphoneos*]" = "iPhone Developer";
				COPY_PHASE_STRIP = NO;
				DEBUG_INFORMATION_FORMAT = "dwarf-with-dsym";
				ENABLE_NS_ASSERTIONS = NO;
				ENABLE_STRICT_OBJC_MSGSEND = YES;
				GCC_C_LANGUAGE_STANDARD = gnu99;
				GCC_NO_COMMON_BLOCKS = YES;
				GCC_WARN_64_TO_32_BIT_CONVERSION = YES;
				GCC_WARN_ABOUT_RETURN_TYPE = YES_ERROR;
				GCC_WARN_UNDECLARED_SELECTOR = YES;
				GCC_WARN_UNINITIALIZED_AUTOS = YES_AGGRESSIVE;
				GCC_WARN_UNUSED_FUNCTION = YES;
				GCC_WARN_UNUSED_VARIABLE = YES;
				IPHONEOS_DEPLOYMENT_TARGET = 9.3;
				MTL_ENABLE_DEBUG_INFO = NO;
				SDKROOT = iphoneos;
				TARGETED_DEVICE_FAMILY = "1,2";
				VALIDATE_PRODUCT = YES;
			};
			name = Release;
		};
		0243497A1CE6656700200CD1 /* Debug */ = {
			isa = XCBuildConfiguration;
			buildSettings = {
				ASSETCATALOG_COMPILER_APPICON_NAME = AppIcon;
				INFOPLIST_FILE = Project/Info.plist;
				LD_RUNPATH_SEARCH_PATHS = "$(inherited) @executable_path/Frameworks";
				PRODUCT_BUNDLE_IDENTIFIER = com.Moitreyee.Project;
				PRODUCT_NAME = "$(TARGET_NAME)";
			};
			name = Debug;
		};
		0243497B1CE6656700200CD1 /* Release */ = {
			isa = XCBuildConfiguration;
			buildSettings = {
				ASSETCATALOG_COMPILER_APPICON_NAME = AppIcon;
				INFOPLIST_FILE = Project/Info.plist;
				LD_RUNPATH_SEARCH_PATHS = "$(inherited) @executable_path/Frameworks";
				PRODUCT_BUNDLE_IDENTIFIER = com.Moitreyee.Project;
				PRODUCT_NAME = "$(TARGET_NAME)";
			};
			name = Release;
		};
/* End XCBuildConfiguration section */

/* Begin XCConfigurationList section */
		024349621CE6656600200CD1 /* Build configuration list for PBXProject "Project" */ = {
			isa = XCConfigurationList;
			buildConfigurations = (
				024349771CE6656700200CD1 /* Debug */,
				024349781CE6656700200CD1 /* Release */,
			);
			defaultConfigurationIsVisible = 0;
			defaultConfigurationName = Release;
		};
		024349791CE6656700200CD1 /* Build configuration list for PBXNativeTarget "Project" */ = {
			isa = XCConfigurationList;
			buildConfigurations = (
				0243497A1CE6656700200CD1 /* Debug */,
				0243497B1CE6656700200CD1 /* Release */,
			);
			defaultConfigurationIsVisible = 0;
			defaultConfigurationName = Release;
		};
/* End XCConfigurationList section */
	};
	rootObject = 0243495F1CE6656600200CD1 /* Project object */;
}
